
Microsoft Visual Studio Solution File, Format Version 12.00
# Visual Studio Version 17
VisualStudioVersion = 17.7.34221.43
MinimumVisualStudioVersion = 10.0.40219.1
Project("{FAE04EC0-301F-11D3-BF4B-00C04F79EFBC}") = "Video_editor_webapi_sami_060", "Video_editor_webapi_sami_060.csproj", "{51F0CCC9-0AF6-45AD-9908-96EDFD819C95}"
EndProject
Global
	GlobalSection(SolutionConfigurationPlatforms) = preSolution
		Debug|Any CPU = Debug|Any CPU
		Release|Any CPU = Release|Any CPU
	EndGlobalSection
	GlobalSection(ProjectConfigurationPlatforms) = postSolution
		{51F0CCC9-0AF6-45AD-9908-96EDFD819C95}.Debug|Any CPU.ActiveCfg = Debug|Any CPU
		{51F0CCC9-0AF6-45AD-9908-96EDFD819C95}.Debug|Any CPU.Build.0 = Debug|Any CPU
		{51F0CCC9-0AF6-45AD-9908-96EDFD819C95}.Release|Any CPU.ActiveCfg = Release|Any CPU
		{51F0CCC9-0AF6-45AD-9908-96EDFD819C95}.Release|Any CPU.Build.0 = Release|Any CPU
	EndGlobalSection
	GlobalSection(SolutionProperties) = preSolution
		HideSolutionNode = FALSE
	EndGlobalSection
	GlobalSection(ExtensibilityGlobals) = postSolution
		SolutionGuid = {DFD45A4A-5C02-4144-B214-72F699A0A560}
	EndGlobalSection
EndGlobal
